
Microsoft Visual Studio Solution File, Format Version 12.00
Project("{FAE04EC0-301F-11D3-BF4B-00C04F79EFBC}") = "FormatFactory.Main", "FormatFactory.Main\FormatFactory.Main.csproj", "{32D3350F-80DE-4880-B337-1D5B50E2C8C0}"
EndProject
Project("{FAE04EC0-301F-11D3-BF4B-00C04F79EFBC}") = "SampleProject", "FormatFactory.SampleProject\SampleProject.csproj", "{6DD92A36-26FD-457F-BC71-CE2BC69868D6}"
EndProject
Project("{FAE04EC0-301F-11D3-BF4B-00C04F79EFBC}") = "FormatFactory.Tests", "FormatFactory.Tests\FormatFactory.Tests.csproj", "{A93E8EA9-3057-4D9A-9231-EBB45C012F8C}"
EndProject
Project("{FAE04EC0-301F-11D3-BF4B-00C04F79EFBC}") = "SampleProject.Nacha", "MercuryNetwork.Nacha\SampleProject.Nacha.csproj", "{682A2F49-8ADD-4609-AC9B-01CE363BF193}"
EndProject
Project("{2150E333-8FDC-42A3-9474-1A3956D46DE8}") = "meta", "meta", "{45EAFDE2-02E8-4FB7-8DE7-6F64411FE17A}"
	ProjectSection(SolutionItems) = preProject
		.gitignore = .gitignore
		README.md = README.md
	EndProjectSection
EndProject
Global
	GlobalSection(SolutionConfigurationPlatforms) = preSolution
		Debug|Any CPU = Debug|Any CPU
		Release|Any CPU = Release|Any CPU
	EndGlobalSection
	GlobalSection(ProjectConfigurationPlatforms) = postSolution
		{32D3350F-80DE-4880-B337-1D5B50E2C8C0}.Debug|Any CPU.ActiveCfg = Debug|Any CPU
		{32D3350F-80DE-4880-B337-1D5B50E2C8C0}.Debug|Any CPU.Build.0 = Debug|Any CPU
		{32D3350F-80DE-4880-B337-1D5B50E2C8C0}.Release|Any CPU.ActiveCfg = Release|Any CPU
		{32D3350F-80DE-4880-B337-1D5B50E2C8C0}.Release|Any CPU.Build.0 = Release|Any CPU
		{6DD92A36-26FD-457F-BC71-CE2BC69868D6}.Debug|Any CPU.ActiveCfg = Debug|Any CPU
		{6DD92A36-26FD-457F-BC71-CE2BC69868D6}.Debug|Any CPU.Build.0 = Debug|Any CPU
		{6DD92A36-26FD-457F-BC71-CE2BC69868D6}.Release|Any CPU.ActiveCfg = Release|Any CPU
		{6DD92A36-26FD-457F-BC71-CE2BC69868D6}.Release|Any CPU.Build.0 = Release|Any CPU
		{A93E8EA9-3057-4D9A-9231-EBB45C012F8C}.Debug|Any CPU.ActiveCfg = Debug|Any CPU
		{A93E8EA9-3057-4D9A-9231-EBB45C012F8C}.Debug|Any CPU.Build.0 = Debug|Any CPU
		{A93E8EA9-3057-4D9A-9231-EBB45C012F8C}.Release|Any CPU.ActiveCfg = Release|Any CPU
		{A93E8EA9-3057-4D9A-9231-EBB45C012F8C}.Release|Any CPU.Build.0 = Release|Any CPU
		{682A2F49-8ADD-4609-AC9B-01CE363BF193}.Debug|Any CPU.ActiveCfg = Debug|Any CPU
		{682A2F49-8ADD-4609-AC9B-01CE363BF193}.Debug|Any CPU.Build.0 = Debug|Any CPU
		{682A2F49-8ADD-4609-AC9B-01CE363BF193}.Release|Any CPU.ActiveCfg = Release|Any CPU
		{682A2F49-8ADD-4609-AC9B-01CE363BF193}.Release|Any CPU.Build.0 = Release|Any CPU
	EndGlobalSection
	GlobalSection(NestedProjects) = preSolution
	EndGlobalSection
EndGlobal
